
Microsoft Visual Studio Solution File, Format Version 12.00
# Visual Studio 2012
# SharpDevelop 5.1
VisualStudioVersion = 12.0.20827.3
MinimumVisualStudioVersion = 10.0.40219.1
Project("{FAE04EC0-301F-11D3-BF4B-00C04F79EFBC}") = "hello-world-Test", "hello-world-Test\hello-world-Test.csproj", "{9D71DA17-B0CE-4253-9940-E01C06968F4F}"
EndProject
Global
	GlobalSection(SolutionConfigurationPlatforms) = preSolution
		Debug|Any CPU = Debug|Any CPU
		Release|Any CPU = Release|Any CPU
	EndGlobalSection
	GlobalSection(ProjectConfigurationPlatforms) = postSolution
		{9D71DA17-B0CE-4253-9940-E01C06968F4F}.Debug|Any CPU.ActiveCfg = Debug|Any CPU
		{9D71DA17-B0CE-4253-9940-E01C06968F4F}.Debug|Any CPU.Build.0 = Debug|Any CPU
		{9D71DA17-B0CE-4253-9940-E01C06968F4F}.Release|Any CPU.ActiveCfg = Release|Any CPU
		{9D71DA17-B0CE-4253-9940-E01C06968F4F}.Release|Any CPU.Build.0 = Release|Any CPU
	EndGlobalSection
EndGlobal
